{
  "name": "@qteatime/meow-compiler",
  "version": "0.0.1",
  "lockfileVersion": 3,
  "requires": true,
  "packages": {
    "": {
      "name": "@qteatime/meow-compiler",
      "version": "0.0.1",
      "license": "MPL-2.0",
      "dependencies": {
        "ohm-js": "^15.5.0"
      },
      "bin": {
        "meow": "bin/meow.js"
      },
      "devDependencies": {
        "@types/node": "^20.10.7",
        "typescript": "^5.3.3"
      }
    },
    "node_modules/@types/node": {
      "version": "20.11.9",
      "resolved": "https://registry.npmjs.org/@types/node/-/node-20.11.9.tgz",
      "integrity": "sha512-CQXNuMoS/VcoAMISe5pm4JnEd1Br5jildbQEToEMQvutmv+EaQr90ry9raiudgpyDuqFiV9e4rnjSfLNq12M5w==",
      "dev": true,
      "dependencies": {
        "undici-types": "~5.26.4"
      }
    },
    "node_modules/is-buffer": {
      "version": "2.0.5",
      "resolved": "https://registry.npmjs.org/is-buffer/-/is-buffer-2.0.5.tgz",
      "integrity": "sha512-i2R6zNFDwgEHJyQUtJEk0XFi1i0dPFn/oqjK3/vPCcDeJvW5NQ83V8QbicfF1SupOaB0h8ntgBC2YiE7dfyctQ==",
      "funding": [
        {
          "type": "github",
          "url": "https://github.com/sponsors/feross"
        },
        {
          "type": "patreon",
          "url": "https://www.patreon.com/feross"
        },
        {
          "type": "consulting",
          "url": "https://feross.org/support"
        }
      ],
      "engines": {
        "node": ">=4"
      }
    },
    "node_modules/ohm-js": {
      "version": "15.5.0",
      "resolved": "https://registry.npmjs.org/ohm-js/-/ohm-js-15.5.0.tgz",
      "integrity": "sha512-pmTx/SXZLMekLXJi0V6TEfESpPCSd5B95pWKaY+1ZIgvV5IEUiP2K3EdkESbLZ4VpO94oNCEJ2OTmQyzxSklmA==",
      "hasInstallScript": true,
      "dependencies": {
        "is-buffer": "^2.0.4",
        "util-extend": "^1.0.3"
      },
      "bin": {
        "ohm-js": "src/ohm-cmd.js"
      },
      "engines": {
        "node": ">=0.12.1"
      }
    },
    "node_modules/typescript": {
      "version": "5.3.3",
      "resolved": "https://registry.npmjs.org/typescript/-/typescript-5.3.3.tgz",
      "integrity": "sha512-pXWcraxM0uxAS+tN0AG/BF2TyqmHO014Z070UsJ+pFvYuRSq8KH8DmWpnbXe0pEPDHXZV3FcAbJkijJ5oNEnWw==",
      "dev": true,
      "bin": {
        "tsc": "bin/tsc",
        "tsserver": "bin/tsserver"
      },
      "engines": {
        "node": ">=14.17"
      }
    },
    "node_modules/undici-types": {
      "version": "5.26.5",
      "resolved": "https://registry.npmjs.org/undici-types/-/undici-types-5.26.5.tgz",
      "integrity": "sha512-JlCMO+ehdEIKqlFxk6IfVoAUVmgz7cU7zD/h9XZ0qzeosSHmUJVOzSQvvYSYWXkFXC+IfLKSIffhv0sVZup6pA==",
      "dev": true
    },
    "node_modules/util-extend": {
      "version": "1.0.3",
      "resolved": "https://registry.npmjs.org/util-extend/-/util-extend-1.0.3.tgz",
      "integrity": "sha512-mLs5zAK+ctllYBj+iAQvlDCwoxU/WDOUaJkcFudeiAX6OajC6BKXJUa9a+tbtkC11dz2Ufb7h0lyvIOVn4LADA=="
    }
  }
}
